
Microsoft Visual Studio Solution File, Format Version 12.00
# Visual Studio Version 16
VisualStudioVersion = 16.0.31729.503
MinimumVisualStudioVersion = 10.0.40219.1
Project("{FAE04EC0-301F-11D3-BF4B-00C04F79EFBC}") = "ConvertToSingle32", "ConvertToSingle32.csproj", "{F226D420-3E8B-4112-9104-0E60ABACF91B}"
EndProject
Global
	GlobalSection(SolutionConfigurationPlatforms) = preSolution
		Debug|Any CPU = Debug|Any CPU
		Release|Any CPU = Release|Any CPU
	EndGlobalSection
	GlobalSection(ProjectConfigurationPlatforms) = postSolution
		{F226D420-3E8B-4112-9104-0E60ABACF91B}.Debug|Any CPU.ActiveCfg = Debug|Any CPU
		{F226D420-3E8B-4112-9104-0E60ABACF91B}.Debug|Any CPU.Build.0 = Debug|Any CPU
		{F226D420-3E8B-4112-9104-0E60ABACF91B}.Release|Any CPU.ActiveCfg = Release|Any CPU
		{F226D420-3E8B-4112-9104-0E60ABACF91B}.Release|Any CPU.Build.0 = Release|Any CPU
	EndGlobalSection
	GlobalSection(SolutionProperties) = preSolution
		HideSolutionNode = FALSE
	EndGlobalSection
	GlobalSection(ExtensibilityGlobals) = postSolution
		SolutionGuid = {3B172FE2-6B37-4D1F-A723-2E9A6DD710F3}
	EndGlobalSection
EndGlobal
